
Microsoft Visual Studio Solution File, Format Version 12.00
# Visual Studio 2012
Project("{FAE04EC0-301F-11D3-BF4B-00C04F79EFBC}") = "ServiceBase", "ServiceBase\ServiceBase.csproj", "{58E56217-E3F3-4E19-8EB2-7DE375E5AC11}"
EndProject
Project("{FAE04EC0-301F-11D3-BF4B-00C04F79EFBC}") = "WebBaseBootstrap", "WebBaseBootstrap\WebBaseBootstrap.csproj", "{9D31B815-89B1-4545-A9BA-F5B2ED2534CD}"
EndProject
Project("{FAE04EC0-301F-11D3-BF4B-00C04F79EFBC}") = "RepositoryBase", "RepositoryBase\RepositoryBase.csproj", "{F810945A-0EF1-4D0B-AAF8-EC0BC9BBEE84}"
EndProject
Project("{2150E333-8FDC-42A3-9474-1A3956D46DE8}") = "Tests", "Tests", "{2D03F434-8459-4558-8D70-92406A0DCB0E}"
EndProject
Project("{FAE04EC0-301F-11D3-BF4B-00C04F79EFBC}") = "RepositoryTests", "RepositoryTests\RepositoryTests.csproj", "{69DD9CF7-5A32-496D-B4AB-C4B6E76C7C26}"
EndProject
Project("{2150E333-8FDC-42A3-9474-1A3956D46DE8}") = "Config", "Config", "{744B94E8-1524-406F-9663-014491774EF1}"
	ProjectSection(SolutionItems) = preProject
		Config\Application.config = Config\Application.config
	EndProjectSection
EndProject
Project("{2150E333-8FDC-42A3-9474-1A3956D46DE8}") = "Data", "Data", "{EE96DD00-4671-488E-A0C2-9C237375E0FF}"
	ProjectSection(SolutionItems) = preProject
		Data\BoilerplaceMVC.sl3 = Data\BoilerplaceMVC.sl3
		Data\Northwind.sl3 = Data\Northwind.sl3
	EndProjectSection
EndProject
Global
	GlobalSection(SolutionConfigurationPlatforms) = preSolution
		Debug|Any CPU = Debug|Any CPU
		Release|Any CPU = Release|Any CPU
	EndGlobalSection
	GlobalSection(ProjectConfigurationPlatforms) = postSolution
		{58E56217-E3F3-4E19-8EB2-7DE375E5AC11}.Debug|Any CPU.ActiveCfg = Debug|Any CPU
		{58E56217-E3F3-4E19-8EB2-7DE375E5AC11}.Debug|Any CPU.Build.0 = Debug|Any CPU
		{58E56217-E3F3-4E19-8EB2-7DE375E5AC11}.Release|Any CPU.ActiveCfg = Release|Any CPU
		{58E56217-E3F3-4E19-8EB2-7DE375E5AC11}.Release|Any CPU.Build.0 = Release|Any CPU
		{9D31B815-89B1-4545-A9BA-F5B2ED2534CD}.Debug|Any CPU.ActiveCfg = Debug|Any CPU
		{9D31B815-89B1-4545-A9BA-F5B2ED2534CD}.Debug|Any CPU.Build.0 = Debug|Any CPU
		{9D31B815-89B1-4545-A9BA-F5B2ED2534CD}.Release|Any CPU.ActiveCfg = Release|Any CPU
		{9D31B815-89B1-4545-A9BA-F5B2ED2534CD}.Release|Any CPU.Build.0 = Release|Any CPU
		{F810945A-0EF1-4D0B-AAF8-EC0BC9BBEE84}.Debug|Any CPU.ActiveCfg = Debug|Any CPU
		{F810945A-0EF1-4D0B-AAF8-EC0BC9BBEE84}.Debug|Any CPU.Build.0 = Debug|Any CPU
		{F810945A-0EF1-4D0B-AAF8-EC0BC9BBEE84}.Release|Any CPU.ActiveCfg = Release|Any CPU
		{F810945A-0EF1-4D0B-AAF8-EC0BC9BBEE84}.Release|Any CPU.Build.0 = Release|Any CPU
		{69DD9CF7-5A32-496D-B4AB-C4B6E76C7C26}.Debug|Any CPU.ActiveCfg = Debug|Any CPU
		{69DD9CF7-5A32-496D-B4AB-C4B6E76C7C26}.Debug|Any CPU.Build.0 = Debug|Any CPU
		{69DD9CF7-5A32-496D-B4AB-C4B6E76C7C26}.Release|Any CPU.ActiveCfg = Release|Any CPU
		{69DD9CF7-5A32-496D-B4AB-C4B6E76C7C26}.Release|Any CPU.Build.0 = Release|Any CPU
	EndGlobalSection
	GlobalSection(SolutionProperties) = preSolution
		HideSolutionNode = FALSE
	EndGlobalSection
	GlobalSection(NestedProjects) = preSolution
		{69DD9CF7-5A32-496D-B4AB-C4B6E76C7C26} = {2D03F434-8459-4558-8D70-92406A0DCB0E}
	EndGlobalSection
EndGlobal
